
Microsoft Visual Studio Solution File, Format Version 12.00
Project("{FAE04EC0-301F-11D3-BF4B-00C04F79EFBC}") = "ConsoleApplication1", "ConsoleApplication1\ConsoleApplication1.csproj", "{C218E6E6-EAEC-4C8F-900F-B92A1E060559}"
EndProject
Global
	GlobalSection(SolutionConfigurationPlatforms) = preSolution
		Debug|Any CPU = Debug|Any CPU
		Release|Any CPU = Release|Any CPU
	EndGlobalSection
	GlobalSection(ProjectConfigurationPlatforms) = postSolution
		{C218E6E6-EAEC-4C8F-900F-B92A1E060559}.Debug|Any CPU.ActiveCfg = Debug|Any CPU
		{C218E6E6-EAEC-4C8F-900F-B92A1E060559}.Debug|Any CPU.Build.0 = Debug|Any CPU
		{C218E6E6-EAEC-4C8F-900F-B92A1E060559}.Release|Any CPU.ActiveCfg = Release|Any CPU
		{C218E6E6-EAEC-4C8F-900F-B92A1E060559}.Release|Any CPU.Build.0 = Release|Any CPU
	EndGlobalSection
EndGlobal
